
Microsoft Visual Studio Solution File, Format Version 12.00
# Visual Studio Version 17
VisualStudioVersion = 17.8.34525.116
MinimumVisualStudioVersion = 10.0.40219.1
Project("{8BC9CEB8-8B4A-11D0-8D11-00A0C91BC942}") = "Constructor", "Constructor\Constructor.vcxproj", "{75297B0F-B8B2-452D-B9B1-DF3C7EC3ECD6}"
EndProject
Global
	GlobalSection(SolutionConfigurationPlatforms) = preSolution
		Debug|x64 = Debug|x64
		Debug|x86 = Debug|x86
		Release|x64 = Release|x64
		Release|x86 = Release|x86
	EndGlobalSection
	GlobalSection(ProjectConfigurationPlatforms) = postSolution
		{75297B0F-B8B2-452D-B9B1-DF3C7EC3ECD6}.Debug|x64.ActiveCfg = Debug|x64
		{75297B0F-B8B2-452D-B9B1-DF3C7EC3ECD6}.Debug|x64.Build.0 = Debug|x64
		{75297B0F-B8B2-452D-B9B1-DF3C7EC3ECD6}.Debug|x86.ActiveCfg = Debug|Win32
		{75297B0F-B8B2-452D-B9B1-DF3C7EC3ECD6}.Debug|x86.Build.0 = Debug|Win32
		{75297B0F-B8B2-452D-B9B1-DF3C7EC3ECD6}.Release|x64.ActiveCfg = Release|x64
		{75297B0F-B8B2-452D-B9B1-DF3C7EC3ECD6}.Release|x64.Build.0 = Release|x64
		{75297B0F-B8B2-452D-B9B1-DF3C7EC3ECD6}.Release|x86.ActiveCfg = Release|Win32
		{75297B0F-B8B2-452D-B9B1-DF3C7EC3ECD6}.Release|x86.Build.0 = Release|Win32
	EndGlobalSection
	GlobalSection(SolutionProperties) = preSolution
		HideSolutionNode = FALSE
	EndGlobalSection
	GlobalSection(ExtensibilityGlobals) = postSolution
		SolutionGuid = {9AFC2805-088E-49DB-8F71-72024FBDDEE0}
	EndGlobalSection
EndGlobal
