
Microsoft Visual Studio Solution File, Format Version 12.00
# Visual Studio Version 17
VisualStudioVersion = 17.8.34525.116
MinimumVisualStudioVersion = 10.0.40219.1
Project("{8BC9CEB8-8B4A-11D0-8D11-00A0C91BC942}") = "Qulifiers", "Qulifiers\Qulifiers.vcxproj", "{117A0817-0DC7-4014-9A53-91D51CD816B5}"
EndProject
Global
	GlobalSection(SolutionConfigurationPlatforms) = preSolution
		Debug|x64 = Debug|x64
		Debug|x86 = Debug|x86
		Release|x64 = Release|x64
		Release|x86 = Release|x86
	EndGlobalSection
	GlobalSection(ProjectConfigurationPlatforms) = postSolution
		{117A0817-0DC7-4014-9A53-91D51CD816B5}.Debug|x64.ActiveCfg = Debug|x64
		{117A0817-0DC7-4014-9A53-91D51CD816B5}.Debug|x64.Build.0 = Debug|x64
		{117A0817-0DC7-4014-9A53-91D51CD816B5}.Debug|x86.ActiveCfg = Debug|Win32
		{117A0817-0DC7-4014-9A53-91D51CD816B5}.Debug|x86.Build.0 = Debug|Win32
		{117A0817-0DC7-4014-9A53-91D51CD816B5}.Release|x64.ActiveCfg = Release|x64
		{117A0817-0DC7-4014-9A53-91D51CD816B5}.Release|x64.Build.0 = Release|x64
		{117A0817-0DC7-4014-9A53-91D51CD816B5}.Release|x86.ActiveCfg = Release|Win32
		{117A0817-0DC7-4014-9A53-91D51CD816B5}.Release|x86.Build.0 = Release|Win32
	EndGlobalSection
	GlobalSection(SolutionProperties) = preSolution
		HideSolutionNode = FALSE
	EndGlobalSection
	GlobalSection(ExtensibilityGlobals) = postSolution
		SolutionGuid = {DFE457BD-3CA5-40E1-9314-C2CF674384A1}
	EndGlobalSection
EndGlobal
