
Microsoft Visual Studio Solution File, Format Version 12.00
# Visual Studio Version 17
VisualStudioVersion = 17.8.34525.116
MinimumVisualStudioVersion = 10.0.40219.1
Project("{8BC9CEB8-8B4A-11D0-8D11-00A0C91BC942}") = "Function pointer", "Function pointer\Function pointer.vcxproj", "{F20CF0EE-F638-45A8-BBFD-277BCC8B1026}"
EndProject
Global
	GlobalSection(SolutionConfigurationPlatforms) = preSolution
		Debug|x64 = Debug|x64
		Debug|x86 = Debug|x86
		Release|x64 = Release|x64
		Release|x86 = Release|x86
	EndGlobalSection
	GlobalSection(ProjectConfigurationPlatforms) = postSolution
		{F20CF0EE-F638-45A8-BBFD-277BCC8B1026}.Debug|x64.ActiveCfg = Debug|x64
		{F20CF0EE-F638-45A8-BBFD-277BCC8B1026}.Debug|x64.Build.0 = Debug|x64
		{F20CF0EE-F638-45A8-BBFD-277BCC8B1026}.Debug|x86.ActiveCfg = Debug|Win32
		{F20CF0EE-F638-45A8-BBFD-277BCC8B1026}.Debug|x86.Build.0 = Debug|Win32
		{F20CF0EE-F638-45A8-BBFD-277BCC8B1026}.Release|x64.ActiveCfg = Release|x64
		{F20CF0EE-F638-45A8-BBFD-277BCC8B1026}.Release|x64.Build.0 = Release|x64
		{F20CF0EE-F638-45A8-BBFD-277BCC8B1026}.Release|x86.ActiveCfg = Release|Win32
		{F20CF0EE-F638-45A8-BBFD-277BCC8B1026}.Release|x86.Build.0 = Release|Win32
	EndGlobalSection
	GlobalSection(SolutionProperties) = preSolution
		HideSolutionNode = FALSE
	EndGlobalSection
	GlobalSection(ExtensibilityGlobals) = postSolution
		SolutionGuid = {E68F0600-5973-404B-89B1-70A8D9602578}
	EndGlobalSection
EndGlobal
