
Microsoft Visual Studio Solution File, Format Version 12.00
# Visual Studio Version 17
VisualStudioVersion = 17.8.34525.116
MinimumVisualStudioVersion = 10.0.40219.1
Project("{8BC9CEB8-8B4A-11D0-8D11-00A0C91BC942}") = "bitwise optations", "bitwise optations\bitwise optations.vcxproj", "{46E79093-7F38-4D69-8E1A-EF6AD7252455}"
EndProject
Global
	GlobalSection(SolutionConfigurationPlatforms) = preSolution
		Debug|x64 = Debug|x64
		Debug|x86 = Debug|x86
		Release|x64 = Release|x64
		Release|x86 = Release|x86
	EndGlobalSection
	GlobalSection(ProjectConfigurationPlatforms) = postSolution
		{46E79093-7F38-4D69-8E1A-EF6AD7252455}.Debug|x64.ActiveCfg = Debug|x64
		{46E79093-7F38-4D69-8E1A-EF6AD7252455}.Debug|x64.Build.0 = Debug|x64
		{46E79093-7F38-4D69-8E1A-EF6AD7252455}.Debug|x86.ActiveCfg = Debug|Win32
		{46E79093-7F38-4D69-8E1A-EF6AD7252455}.Debug|x86.Build.0 = Debug|Win32
		{46E79093-7F38-4D69-8E1A-EF6AD7252455}.Release|x64.ActiveCfg = Release|x64
		{46E79093-7F38-4D69-8E1A-EF6AD7252455}.Release|x64.Build.0 = Release|x64
		{46E79093-7F38-4D69-8E1A-EF6AD7252455}.Release|x86.ActiveCfg = Release|Win32
		{46E79093-7F38-4D69-8E1A-EF6AD7252455}.Release|x86.Build.0 = Release|Win32
	EndGlobalSection
	GlobalSection(SolutionProperties) = preSolution
		HideSolutionNode = FALSE
	EndGlobalSection
	GlobalSection(ExtensibilityGlobals) = postSolution
		SolutionGuid = {2EECB115-E92A-4B66-A876-5F61EB16647C}
	EndGlobalSection
EndGlobal
